
Microsoft Visual Studio Solution File, Format Version 12.00
# Visual Studio Version 17
VisualStudioVersion = 17.12.35527.113
MinimumVisualStudioVersion = 10.0.40219.1
Project("{FAE04EC0-301F-11D3-BF4B-00C04F79EFBC}") = "HomestayBookingAPI", "HomestayBookingAPI\HomestayBookingAPI.csproj", "{9CDE06CA-C965-4559-BA0D-CFE9FFAC90A0}"
EndProject
Project("{FAE04EC0-301F-11D3-BF4B-00C04F79EFBC}") = "HomestayBookingApiTest", "HomestayBookingApiTest\HomestayBookingApiTest.csproj", "{38D13B1A-6F0A-4345-BBD2-3CB6977E9373}"
EndProject
Project("{FAE04EC0-301F-11D3-BF4B-00C04F79EFBC}") = "HomestayBookingMsTest", "HomestayBookingMsTest\HomestayBookingMsTest.csproj", "{4D2F7F83-4254-4232-852B-C7CE7097A5E2}"
EndProject
Global
	GlobalSection(SolutionConfigurationPlatforms) = preSolution
		Debug|Any CPU = Debug|Any CPU
		Release|Any CPU = Release|Any CPU
	EndGlobalSection
	GlobalSection(ProjectConfigurationPlatforms) = postSolution
		{9CDE06CA-C965-4559-BA0D-CFE9FFAC90A0}.Debug|Any CPU.ActiveCfg = Debug|Any CPU
		{9CDE06CA-C965-4559-BA0D-CFE9FFAC90A0}.Debug|Any CPU.Build.0 = Debug|Any CPU
		{9CDE06CA-C965-4559-BA0D-CFE9FFAC90A0}.Release|Any CPU.ActiveCfg = Release|Any CPU
		{9CDE06CA-C965-4559-BA0D-CFE9FFAC90A0}.Release|Any CPU.Build.0 = Release|Any CPU
		{38D13B1A-6F0A-4345-BBD2-3CB6977E9373}.Debug|Any CPU.ActiveCfg = Debug|Any CPU
		{38D13B1A-6F0A-4345-BBD2-3CB6977E9373}.Debug|Any CPU.Build.0 = Debug|Any CPU
		{38D13B1A-6F0A-4345-BBD2-3CB6977E9373}.Release|Any CPU.ActiveCfg = Release|Any CPU
		{38D13B1A-6F0A-4345-BBD2-3CB6977E9373}.Release|Any CPU.Build.0 = Release|Any CPU
		{4D2F7F83-4254-4232-852B-C7CE7097A5E2}.Debug|Any CPU.ActiveCfg = Debug|Any CPU
		{4D2F7F83-4254-4232-852B-C7CE7097A5E2}.Debug|Any CPU.Build.0 = Debug|Any CPU
		{4D2F7F83-4254-4232-852B-C7CE7097A5E2}.Release|Any CPU.ActiveCfg = Release|Any CPU
		{4D2F7F83-4254-4232-852B-C7CE7097A5E2}.Release|Any CPU.Build.0 = Release|Any CPU
	EndGlobalSection
	GlobalSection(SolutionProperties) = preSolution
		HideSolutionNode = FALSE
	EndGlobalSection
EndGlobal
